{
  "name": "@roog/db",
  "version": "0.0.2",
  "lockfileVersion": 1,
  "requires": true,
  "dependencies": {
    "@types/node": {
      "version": "12.11.7",
      "resolved": "https://registry.npmjs.org/@types/node/-/node-12.11.7.tgz",
      "integrity": "sha512-JNbGaHFCLwgHn/iCckiGSOZ1XYHsKFwREtzPwSGCVld1SGhOlmZw2D4ZI94HQCrBHbADzW9m4LER/8olJTRGHA=="
    },
    "typescript": {
      "version": "3.6.4",
      "resolved": "https://registry.npmjs.org/typescript/-/typescript-3.6.4.tgz",
      "integrity": "sha512-unoCll1+l+YK4i4F8f22TaNVPRHcD9PA3yCuZ8g5e0qGqlVlJ/8FSateOLLSagn+Yg5+ZwuPkL8LFUc0Jcvksg=="
    },
    "waverunner": {
      "version": "0.2.4",
      "resolved": "https://registry.npmjs.org/waverunner/-/waverunner-0.2.4.tgz",
      "integrity": "sha512-r9K43SbCrClXMyot3qgwyS/I5TvzWAEs5hoTWdNlWbAX5o6V2Rv4MpLcuFKKas2kOgEkcaZtFxoxuGlDkFw3FQ==",
      "dev": true
    }
  }
}
